// !$*UTF8*$!
{
	archiveVersion = 1;
	classes = {
	};
	objectVersion = 55;
	objects = {

/* Begin PBXBuildFile section */
		94351F61279DF20A00431B89 /* AppDelegate.swift in Sources */ = {isa = PBXBuildFile; fileRef = 94351F60279DF20A00431B89 /* AppDelegate.swift */; };
		94351F63279DF20A00431B89 /* SceneDelegate.swift in Sources */ = {isa = PBXBuildFile; fileRef = 94351F62279DF20A00431B89 /* SceneDelegate.swift */; };
		94351F68279DF20A00431B89 /* Main.storyboard in Resources */ = {isa = PBXBuildFile; fileRef = 94351F66279DF20A00431B89 /* Main.storyboard */; };
		94351F6A279DF20C00431B89 /* Assets.xcassets in Resources */ = {isa = PBXBuildFile; fileRef = 94351F69279DF20C00431B89 /* Assets.xcassets */; };
		94351F6D279DF20C00431B89 /* LaunchScreen.storyboard in Resources */ = {isa = PBXBuildFile; fileRef = 94351F6B279DF20C00431B89 /* LaunchScreen.storyboard */; };
		94351F78279DF20C00431B89 /* NYTTests.swift in Sources */ = {isa = PBXBuildFile; fileRef = 94351F77279DF20C00431B89 /* NYTTests.swift */; };
		94351F82279DF20C00431B89 /* NYTUITests.swift in Sources */ = {isa = PBXBuildFile; fileRef = 94351F81279DF20C00431B89 /* NYTUITests.swift */; };
		94351F84279DF20C00431B89 /* NYTUITestsLaunchTests.swift in Sources */ = {isa = PBXBuildFile; fileRef = 94351F83279DF20C00431B89 /* NYTUITestsLaunchTests.swift */; };
		94351F91279DF2D300431B89 /* TopStoriesTabBarController.swift in Sources */ = {isa = PBXBuildFile; fileRef = 94351F90279DF2D300431B89 /* TopStoriesTabBarController.swift */; };
		94351F95279DF38A00431B89 /* NewsFeed.swift in Sources */ = {isa = PBXBuildFile; fileRef = 94351F94279DF38A00431B89 /* NewsFeed.swift */; };
		94351F98279DF3AE00431B89 /* SavedArticles.swift in Sources */ = {isa = PBXBuildFile; fileRef = 94351F97279DF3AE00431B89 /* SavedArticles.swift */; };
		94351F9A279DF3C900431B89 /* Settings.swift in Sources */ = {isa = PBXBuildFile; fileRef = 94351F99279DF3C900431B89 /* Settings.swift */; };
/* End PBXBuildFile section */

/* Begin PBXContainerItemProxy section */
		94351F74279DF20C00431B89 /* PBXContainerItemProxy */ = {
			isa = PBXContainerItemProxy;
			containerPortal = 94351F55279DF20A00431B89 /* Project object */;
			proxyType = 1;
			remoteGlobalIDString = 94351F5C279DF20A00431B89;
			remoteInfo = NYT;
		};
		94351F7E279DF20C00431B89 /* PBXContainerItemProxy */ = {
			isa = PBXContainerItemProxy;
			containerPortal = 94351F55279DF20A00431B89 /* Project object */;
			proxyType = 1;
			remoteGlobalIDString = 94351F5C279DF20A00431B89;
			remoteInfo = NYT;
		};
/* End PBXContainerItemProxy section */

/* Begin PBXFileReference section */
		94351F5D279DF20A00431B89 /* NYT.app */ = {isa = PBXFileReference; explicitFileType = wrapper.application; includeInIndex = 0; path = NYT.app; sourceTree = BUILT_PRODUCTS_DIR; };
		94351F60279DF20A00431B89 /* AppDelegate.swift */ = {isa = PBXFileReference; lastKnownFileType = sourcecode.swift; path = AppDelegate.swift; sourceTree = "<group>"; };
		94351F62279DF20A00431B89 /* SceneDelegate.swift */ = {isa = PBXFileReference; lastKnownFileType = sourcecode.swift; path = SceneDelegate.swift; sourceTree = "<group>"; };
		94351F67279DF20A00431B89 /* Base */ = {isa = PBXFileReference; lastKnownFileType = file.storyboard; name = Base; path = Base.lproj/Main.storyboard; sourceTree = "<group>"; };
		94351F69279DF20C00431B89 /* Assets.xcassets */ = {isa = PBXFileReference; lastKnownFileType = folder.assetcatalog; path = Assets.xcassets; sourceTree = "<group>"; };
		94351F6C279DF20C00431B89 /* Base */ = {isa = PBXFileReference; lastKnownFileType = file.storyboard; name = Base; path = Base.lproj/LaunchScreen.storyboard; sourceTree = "<group>"; };
		94351F6E279DF20C00431B89 /* Info.plist */ = {isa = PBXFileReference; lastKnownFileType = text.plist.xml; path = Info.plist; sourceTree = "<group>"; };
		94351F73279DF20C00431B89 /* NYTTests.xctest */ = {isa = PBXFileReference; explicitFileType = wrapper.cfbundle; includeInIndex = 0; path = NYTTests.xctest; sourceTree = BUILT_PRODUCTS_DIR; };
		94351F77279DF20C00431B89 /* NYTTests.swift */ = {isa = PBXFileReference; lastKnownFileType = sourcecode.swift; path = NYTTests.swift; sourceTree = "<group>"; };
		94351F7D279DF20C00431B89 /* NYTUITests.xctest */ = {isa = PBXFileReference; explicitFileType = wrapper.cfbundle; includeInIndex = 0; path = NYTUITests.xctest; sourceTree = BUILT_PRODUCTS_DIR; };
		94351F81279DF20C00431B89 /* NYTUITests.swift */ = {isa = PBXFileReference; lastKnownFileType = sourcecode.swift; path = NYTUITests.swift; sourceTree = "<group>"; };
		94351F83279DF20C00431B89 /* NYTUITestsLaunchTests.swift */ = {isa = PBXFileReference; lastKnownFileType = sourcecode.swift; path = NYTUITestsLaunchTests.swift; sourceTree = "<group>"; };
		94351F90279DF2D300431B89 /* TopStoriesTabBarController.swift */ = {isa = PBXFileReference; lastKnownFileType = sourcecode.swift; path = TopStoriesTabBarController.swift; sourceTree = "<group>"; };
		94351F94279DF38A00431B89 /* NewsFeed.swift */ = {isa = PBXFileReference; lastKnownFileType = sourcecode.swift; path = NewsFeed.swift; sourceTree = "<group>"; };
		94351F97279DF3AE00431B89 /* SavedArticles.swift */ = {isa = PBXFileReference; lastKnownFileType = sourcecode.swift; path = SavedArticles.swift; sourceTree = "<group>"; };
		94351F99279DF3C900431B89 /* Settings.swift */ = {isa = PBXFileReference; lastKnownFileType = sourcecode.swift; path = Settings.swift; sourceTree = "<group>"; };
/* End PBXFileReference section */

/* Begin PBXFrameworksBuildPhase section */
		94351F5A279DF20A00431B89 /* Frameworks */ = {
			isa = PBXFrameworksBuildPhase;
			buildActionMask = 2147483647;
			files = (
			);
			runOnlyForDeploymentPostprocessing = 0;
		};
		94351F70279DF20C00431B89 /* Frameworks */ = {
			isa = PBXFrameworksBuildPhase;
			buildActionMask = 2147483647;
			files = (
			);
			runOnlyForDeploymentPostprocessing = 0;
		};
		94351F7A279DF20C00431B89 /* Frameworks */ = {
			isa = PBXFrameworksBuildPhase;
			buildActionMask = 2147483647;
			files = (
			);
			runOnlyForDeploymentPostprocessing = 0;
		};
/* End PBXFrameworksBuildPhase section */

/* Begin PBXGroup section */
		94351F54279DF20A00431B89 = {
			isa = PBXGroup;
			children = (
				94351F5F279DF20A00431B89 /* NYT */,
				94351F76279DF20C00431B89 /* NYTTests */,
				94351F80279DF20C00431B89 /* NYTUITests */,
				94351F5E279DF20A00431B89 /* Products */,
			);
			sourceTree = "<group>";
		};
		94351F5E279DF20A00431B89 /* Products */ = {
			isa = PBXGroup;
			children = (
				94351F5D279DF20A00431B89 /* NYT.app */,
				94351F73279DF20C00431B89 /* NYTTests.xctest */,
				94351F7D279DF20C00431B89 /* NYTUITests.xctest */,
			);
			name = Products;
			sourceTree = "<group>";
		};
		94351F5F279DF20A00431B89 /* NYT */ = {
			isa = PBXGroup;
			children = (
				94351F96279DF39100431B89 /* Views */,
				94351F93279DF36E00431B89 /* Controllers */,
				94351F92279DF35D00431B89 /* Supporting Files */,
				94351F6E279DF20C00431B89 /* Info.plist */,
			);
			path = NYT;
			sourceTree = "<group>";
		};
		94351F76279DF20C00431B89 /* NYTTests */ = {
			isa = PBXGroup;
			children = (
				94351F77279DF20C00431B89 /* NYTTests.swift */,
			);
			path = NYTTests;
			sourceTree = "<group>";
		};
		94351F80279DF20C00431B89 /* NYTUITests */ = {
			isa = PBXGroup;
			children = (
				94351F81279DF20C00431B89 /* NYTUITests.swift */,
				94351F83279DF20C00431B89 /* NYTUITestsLaunchTests.swift */,
			);
			path = NYTUITests;
			sourceTree = "<group>";
		};
		94351F92279DF35D00431B89 /* Supporting Files */ = {
			isa = PBXGroup;
			children = (
				94351F60279DF20A00431B89 /* AppDelegate.swift */,
				94351F62279DF20A00431B89 /* SceneDelegate.swift */,
				94351F66279DF20A00431B89 /* Main.storyboard */,
				94351F69279DF20C00431B89 /* Assets.xcassets */,
				94351F6B279DF20C00431B89 /* LaunchScreen.storyboard */,
			);
			name = "Supporting Files";
			sourceTree = "<group>";
		};
		94351F93279DF36E00431B89 /* Controllers */ = {
			isa = PBXGroup;
			children = (
				94351F90279DF2D300431B89 /* TopStoriesTabBarController.swift */,
			);
			name = Controllers;
			sourceTree = "<group>";
		};
		94351F96279DF39100431B89 /* Views */ = {
			isa = PBXGroup;
			children = (
				94351F99279DF3C900431B89 /* Settings.swift */,
				94351F97279DF3AE00431B89 /* SavedArticles.swift */,
				94351F94279DF38A00431B89 /* NewsFeed.swift */,
			);
			name = Views;
			sourceTree = "<group>";
		};
/* End PBXGroup section */

/* Begin PBXNativeTarget section */
		94351F5C279DF20A00431B89 /* NYT */ = {
			isa = PBXNativeTarget;
			buildConfigurationList = 94351F87279DF20C00431B89 /* Build configuration list for PBXNativeTarget "NYT" */;
			buildPhases = (
				94351F59279DF20A00431B89 /* Sources */,
				94351F5A279DF20A00431B89 /* Frameworks */,
				94351F5B279DF20A00431B89 /* Resources */,
			);
			buildRules = (
			);
			dependencies = (
			);
			name = NYT;
			productName = NYT;
			productReference = 94351F5D279DF20A00431B89 /* NYT.app */;
			productType = "com.apple.product-type.application";
		};
		94351F72279DF20C00431B89 /* NYTTests */ = {
			isa = PBXNativeTarget;
			buildConfigurationList = 94351F8A279DF20C00431B89 /* Build configuration list for PBXNativeTarget "NYTTests" */;
			buildPhases = (
				94351F6F279DF20C00431B89 /* Sources */,
				94351F70279DF20C00431B89 /* Frameworks */,
				94351F71279DF20C00431B89 /* Resources */,
			);
			buildRules = (
			);
			dependencies = (
				94351F75279DF20C00431B89 /* PBXTargetDependency */,
			);
			name = NYTTests;
			productName = NYTTests;
			productReference = 94351F73279DF20C00431B89 /* NYTTests.xctest */;
			productType = "com.apple.product-type.bundle.unit-test";
		};
		94351F7C279DF20C00431B89 /* NYTUITests */ = {
			isa = PBXNativeTarget;
			buildConfigurationList = 94351F8D279DF20C00431B89 /* Build configuration list for PBXNativeTarget "NYTUITests" */;
			buildPhases = (
				94351F79279DF20C00431B89 /* Sources */,
				94351F7A279DF20C00431B89 /* Frameworks */,
				94351F7B279DF20C00431B89 /* Resources */,
			);
			buildRules = (
			);
			dependencies = (
				94351F7F279DF20C00431B89 /* PBXTargetDependency */,
			);
			name = NYTUITests;
			productName = NYTUITests;
			productReference = 94351F7D279DF20C00431B89 /* NYTUITests.xctest */;
			productType = "com.apple.product-type.bundle.ui-testing";
		};
/* End PBXNativeTarget section */

/* Begin PBXProject section */
		94351F55279DF20A00431B89 /* Project object */ = {
			isa = PBXProject;
			attributes = {
				BuildIndependentTargetsInParallel = 1;
				LastSwiftUpdateCheck = 1320;
				LastUpgradeCheck = 1320;
				TargetAttributes = {
					94351F5C279DF20A00431B89 = {
						CreatedOnToolsVersion = 13.2.1;
					};
					94351F72279DF20C00431B89 = {
						CreatedOnToolsVersion = 13.2.1;
						TestTargetID = 94351F5C279DF20A00431B89;
					};
					94351F7C279DF20C00431B89 = {
						CreatedOnToolsVersion = 13.2.1;
						TestTargetID = 94351F5C279DF20A00431B89;
					};
				};
			};
			buildConfigurationList = 94351F58279DF20A00431B89 /* Build configuration list for PBXProject "NYT" */;
			compatibilityVersion = "Xcode 13.0";
			developmentRegion = en;
			hasScannedForEncodings = 0;
			knownRegions = (
				en,
				Base,
			);
			mainGroup = 94351F54279DF20A00431B89;
			productRefGroup = 94351F5E279DF20A00431B89 /* Products */;
			projectDirPath = "";
			projectRoot = "";
			targets = (
				94351F5C279DF20A00431B89 /* NYT */,
				94351F72279DF20C00431B89 /* NYTTests */,
				94351F7C279DF20C00431B89 /* NYTUITests */,
			);
		};
/* End PBXProject section */

/* Begin PBXResourcesBuildPhase section */
		94351F5B279DF20A00431B89 /* Resources */ = {
			isa = PBXResourcesBuildPhase;
			buildActionMask = 2147483647;
			files = (
				94351F6D279DF20C00431B89 /* LaunchScreen.storyboard in Resources */,
				94351F6A279DF20C00431B89 /* Assets.xcassets in Resources */,
				94351F68279DF20A00431B89 /* Main.storyboard in Resources */,
			);
			runOnlyForDeploymentPostprocessing = 0;
		};
		94351F71279DF20C00431B89 /* Resources */ = {
			isa = PBXResourcesBuildPhase;
			buildActionMask = 2147483647;
			files = (
			);
			runOnlyForDeploymentPostprocessing = 0;
		};
		94351F7B279DF20C00431B89 /* Resources */ = {
			isa = PBXResourcesBuildPhase;
			buildActionMask = 2147483647;
			files = (
			);
			runOnlyForDeploymentPostprocessing = 0;
		};
/* End PBXResourcesBuildPhase section */

/* Begin PBXSourcesBuildPhase section */
		94351F59279DF20A00431B89 /* Sources */ = {
			isa = PBXSourcesBuildPhase;
			buildActionMask = 2147483647;
			files = (
				94351F9A279DF3C900431B89 /* Settings.swift in Sources */,
				94351F61279DF20A00431B89 /* AppDelegate.swift in Sources */,
				94351F91279DF2D300431B89 /* TopStoriesTabBarController.swift in Sources */,
				94351F98279DF3AE00431B89 /* SavedArticles.swift in Sources */,
				94351F95279DF38A00431B89 /* NewsFeed.swift in Sources */,
				94351F63279DF20A00431B89 /* SceneDelegate.swift in Sources */,
			);
			runOnlyForDeploymentPostprocessing = 0;
		};
		94351F6F279DF20C00431B89 /* Sources */ = {
			isa = PBXSourcesBuildPhase;
			buildActionMask = 2147483647;
			files = (
				94351F78279DF20C00431B89 /* NYTTests.swift in Sources */,
			);
			runOnlyForDeploymentPostprocessing = 0;
		};
		94351F79279DF20C00431B89 /* Sources */ = {
			isa = PBXSourcesBuildPhase;
			buildActionMask = 2147483647;
			files = (
				94351F84279DF20C00431B89 /* NYTUITestsLaunchTests.swift in Sources */,
				94351F82279DF20C00431B89 /* NYTUITests.swift in Sources */,
			);
			runOnlyForDeploymentPostprocessing = 0;
		};
/* End PBXSourcesBuildPhase section */

/* Begin PBXTargetDependency section */
		94351F75279DF20C00431B89 /* PBXTargetDependency */ = {
			isa = PBXTargetDependency;
			target = 94351F5C279DF20A00431B89 /* NYT */;
			targetProxy = 94351F74279DF20C00431B89 /* PBXContainerItemProxy */;
		};
		94351F7F279DF20C00431B89 /* PBXTargetDependency */ = {
			isa = PBXTargetDependency;
			target = 94351F5C279DF20A00431B89 /* NYT */;
			targetProxy = 94351F7E279DF20C00431B89 /* PBXContainerItemProxy */;
		};
/* End PBXTargetDependency section */

/* Begin PBXVariantGroup section */
		94351F66279DF20A00431B89 /* Main.storyboard */ = {
			isa = PBXVariantGroup;
			children = (
				94351F67279DF20A00431B89 /* Base */,
			);
			name = Main.storyboard;
			sourceTree = "<group>";
		};
		94351F6B279DF20C00431B89 /* LaunchScreen.storyboard */ = {
			isa = PBXVariantGroup;
			children = (
				94351F6C279DF20C00431B89 /* Base */,
			);
			name = LaunchScreen.storyboard;
			sourceTree = "<group>";
		};
/* End PBXVariantGroup section */

/* Begin XCBuildConfiguration section */
		94351F85279DF20C00431B89 /* Debug */ = {
			isa = XCBuildConfiguration;
			buildSettings = {
				ALWAYS_SEARCH_USER_PATHS = NO;
				CLANG_ANALYZER_NONNULL = YES;
				CLANG_ANALYZER_NUMBER_OBJECT_CONVERSION = YES_AGGRESSIVE;
				CLANG_CXX_LANGUAGE_STANDARD = "gnu++17";
				CLANG_CXX_LIBRARY = "libc++";
				CLANG_ENABLE_MODULES = YES;
				CLANG_ENABLE_OBJC_ARC = YES;
				CLANG_ENABLE_OBJC_WEAK = YES;
				CLANG_WARN_BLOCK_CAPTURE_AUTORELEASING = YES;
				CLANG_WARN_BOOL_CONVERSION = YES;
				CLANG_WARN_COMMA = YES;
				CLANG_WARN_CONSTANT_CONVERSION = YES;
				CLANG_WARN_DEPRECATED_OBJC_IMPLEMENTATIONS = YES;
				CLANG_WARN_DIRECT_OBJC_ISA_USAGE = YES_ERROR;
				CLANG_WARN_DOCUMENTATION_COMMENTS = YES;
				CLANG_WARN_EMPTY_BODY = YES;
				CLANG_WARN_ENUM_CONVERSION = YES;
				CLANG_WARN_INFINITE_RECURSION = YES;
				CLANG_WARN_INT_CONVERSION = YES;
				CLANG_WARN_NON_LITERAL_NULL_CONVERSION = YES;
				CLANG_WARN_OBJC_IMPLICIT_RETAIN_SELF = YES;
				CLANG_WARN_OBJC_LITERAL_CONVERSION = YES;
				CLANG_WARN_OBJC_ROOT_CLASS = YES_ERROR;
				CLANG_WARN_QUOTED_INCLUDE_IN_FRAMEWORK_HEADER = YES;
				CLANG_WARN_RANGE_LOOP_ANALYSIS = YES;
				CLANG_WARN_STRICT_PROTOTYPES = YES;
				CLANG_WARN_SUSPICIOUS_MOVE = YES;
				CLANG_WARN_UNGUARDED_AVAILABILITY = YES_AGGRESSIVE;
				CLANG_WARN_UNREACHABLE_CODE = YES;
				CLANG_WARN__DUPLICATE_METHOD_MATCH = YES;
				COPY_PHASE_STRIP = NO;
				DEBUG_INFORMATION_FORMAT = dwarf;
				ENABLE_STRICT_OBJC_MSGSEND = YES;
				ENABLE_TESTABILITY = YES;
				GCC_C_LANGUAGE_STANDARD = gnu11;
				GCC_DYNAMIC_NO_PIC = NO;
				GCC_NO_COMMON_BLOCKS = YES;
				GCC_OPTIMIZATION_LEVEL = 0;
				GCC_PREPROCESSOR_DEFINITIONS = (
					"DEBUG=1",
					"$(inherited)",
				);
				GCC_WARN_64_TO_32_BIT_CONVERSION = YES;
				GCC_WARN_ABOUT_RETURN_TYPE = YES_ERROR;
				GCC_WARN_UNDECLARED_SELECTOR = YES;
				GCC_WARN_UNINITIALIZED_AUTOS = YES_AGGRESSIVE;
				GCC_WARN_UNUSED_FUNCTION = YES;
				GCC_WARN_UNUSED_VARIABLE = YES;
				IPHONEOS_DEPLOYMENT_TARGET = 15.2;
				MTL_ENABLE_DEBUG_INFO = INCLUDE_SOURCE;
				MTL_FAST_MATH = YES;
				ONLY_ACTIVE_ARCH = YES;
				SDKROOT = iphoneos;
				SWIFT_ACTIVE_COMPILATION_CONDITIONS = DEBUG;
				SWIFT_OPTIMIZATION_LEVEL = "-Onone";
			};
			name = Debug;
		};
		94351F86279DF20C00431B89 /* Release */ = {
			isa = XCBuildConfiguration;
			buildSettings = {
				ALWAYS_SEARCH_USER_PATHS = NO;
				CLANG_ANALYZER_NONNULL = YES;
				CLANG_ANALYZER_NUMBER_OBJECT_CONVERSION = YES_AGGRESSIVE;
				CLANG_CXX_LANGUAGE_STANDARD = "gnu++17";
				CLANG_CXX_LIBRARY = "libc++";
				CLANG_ENABLE_MODULES = YES;
				CLANG_ENABLE_OBJC_ARC = YES;
				CLANG_ENABLE_OBJC_WEAK = YES;
				CLANG_WARN_BLOCK_CAPTURE_AUTORELEASING = YES;
				CLANG_WARN_BOOL_CONVERSION = YES;
				CLANG_WARN_COMMA = YES;
				CLANG_WARN_CONSTANT_CONVERSION = YES;
				CLANG_WARN_DEPRECATED_OBJC_IMPLEMENTATIONS = YES;
				CLANG_WARN_DIRECT_OBJC_ISA_USAGE = YES_ERROR;
				CLANG_WARN_DOCUMENTATION_COMMENTS = YES;
				CLANG_WARN_EMPTY_BODY = YES;
				CLANG_WARN_ENUM_CONVERSION = YES;
				CLANG_WARN_INFINITE_RECURSION = YES;
				CLANG_WARN_INT_CONVERSION = YES;
				CLANG_WARN_NON_LITERAL_NULL_CONVERSION = YES;
				CLANG_WARN_OBJC_IMPLICIT_RETAIN_SELF = YES;
				CLANG_WARN_OBJC_LITERAL_CONVERSION = YES;
				CLANG_WARN_OBJC_ROOT_CLASS = YES_ERROR;
				CLANG_WARN_QUOTED_INCLUDE_IN_FRAMEWORK_HEADER = YES;
				CLANG_WARN_RANGE_LOOP_ANALYSIS = YES;
				CLANG_WARN_STRICT_PROTOTYPES = YES;
				CLANG_WARN_SUSPICIOUS_MOVE = YES;
				CLANG_WARN_UNGUARDED_AVAILABILITY = YES_AGGRESSIVE;
				CLANG_WARN_UNREACHABLE_CODE = YES;
				CLANG_WARN__DUPLICATE_METHOD_MATCH = YES;
				COPY_PHASE_STRIP = NO;
				DEBUG_INFORMATION_FORMAT = "dwarf-with-dsym";
				ENABLE_NS_ASSERTIONS = NO;
				ENABLE_STRICT_OBJC_MSGSEND = YES;
				GCC_C_LANGUAGE_STANDARD = gnu11;
				GCC_NO_COMMON_BLOCKS = YES;
				GCC_WARN_64_TO_32_BIT_CONVERSION = YES;
				GCC_WARN_ABOUT_RETURN_TYPE = YES_ERROR;
				GCC_WARN_UNDECLARED_SELECTOR = YES;
				GCC_WARN_UNINITIALIZED_AUTOS = YES_AGGRESSIVE;
				GCC_WARN_UNUSED_FUNCTION = YES;
				GCC_WARN_UNUSED_VARIABLE = YES;
				IPHONEOS_DEPLOYMENT_TARGET = 15.2;
				MTL_ENABLE_DEBUG_INFO = NO;
				MTL_FAST_MATH = YES;
				SDKROOT = iphoneos;
				SWIFT_COMPILATION_MODE = wholemodule;
				SWIFT_OPTIMIZATION_LEVEL = "-O";
				VALIDATE_PRODUCT = YES;
			};
			name = Release;
		};
		94351F88279DF20C00431B89 /* Debug */ = {
			isa = XCBuildConfiguration;
			buildSettings = {
				ASSETCATALOG_COMPILER_APPICON_NAME = AppIcon;
				ASSETCATALOG_COMPILER_GLOBAL_ACCENT_COLOR_NAME = AccentColor;
				CODE_SIGN_STYLE = Automatic;
				CURRENT_PROJECT_VERSION = 1;
				DEVELOPMENT_TEAM = Z4V4D6Q5VP;
				GENERATE_INFOPLIST_FILE = YES;
				INFOPLIST_FILE = NYT/Info.plist;
				INFOPLIST_KEY_UIApplicationSupportsIndirectInputEvents = YES;
				INFOPLIST_KEY_UILaunchStoryboardName = LaunchScreen;
				INFOPLIST_KEY_UIMainStoryboardFile = Main;
				INFOPLIST_KEY_UISupportedInterfaceOrientations_iPad = "UIInterfaceOrientationPortrait UIInterfaceOrientationPortraitUpsideDown UIInterfaceOrientationLandscapeLeft UIInterfaceOrientationLandscapeRight";
				INFOPLIST_KEY_UISupportedInterfaceOrientations_iPhone = "UIInterfaceOrientationPortrait UIInterfaceOrientationLandscapeLeft UIInterfaceOrientationLandscapeRight";
				LD_RUNPATH_SEARCH_PATHS = (
					"$(inherited)",
					"@executable_path/Frameworks",
				);
				MARKETING_VERSION = 1.0;
				PRODUCT_BUNDLE_IDENTIFIER = com.books.NYT;
				PRODUCT_NAME = "$(TARGET_NAME)";
				SWIFT_EMIT_LOC_STRINGS = YES;
				SWIFT_VERSION = 5.0;
				TARGETED_DEVICE_FAMILY = "1,2";
			};
			name = Debug;
		};
		94351F89279DF20C00431B89 /* Release */ = {
			isa = XCBuildConfiguration;
			buildSettings = {
				ASSETCATALOG_COMPILER_APPICON_NAME = AppIcon;
				ASSETCATALOG_COMPILER_GLOBAL_ACCENT_COLOR_NAME = AccentColor;
				CODE_SIGN_STYLE = Automatic;
				CURRENT_PROJECT_VERSION = 1;
				DEVELOPMENT_TEAM = Z4V4D6Q5VP;
				GENERATE_INFOPLIST_FILE = YES;
				INFOPLIST_FILE = NYT/Info.plist;
				INFOPLIST_KEY_UIApplicationSupportsIndirectInputEvents = YES;
				INFOPLIST_KEY_UILaunchStoryboardName = LaunchScreen;
				INFOPLIST_KEY_UIMainStoryboardFile = Main;
				INFOPLIST_KEY_UISupportedInterfaceOrientations_iPad = "UIInterfaceOrientationPortrait UIInterfaceOrientationPortraitUpsideDown UIInterfaceOrientationLandscapeLeft UIInterfaceOrientationLandscapeRight";
				INFOPLIST_KEY_UISupportedInterfaceOrientations_iPhone = "UIInterfaceOrientationPortrait UIInterfaceOrientationLandscapeLeft UIInterfaceOrientationLandscapeRight";
				LD_RUNPATH_SEARCH_PATHS = (
					"$(inherited)",
					"@executable_path/Frameworks",
				);
				MARKETING_VERSION = 1.0;
				PRODUCT_BUNDLE_IDENTIFIER = com.books.NYT;
				PRODUCT_NAME = "$(TARGET_NAME)";
				SWIFT_EMIT_LOC_STRINGS = YES;
				SWIFT_VERSION = 5.0;
				TARGETED_DEVICE_FAMILY = "1,2";
			};
			name = Release;
		};
		94351F8B279DF20C00431B89 /* Debug */ = {
			isa = XCBuildConfiguration;
			buildSettings = {
				ALWAYS_EMBED_SWIFT_STANDARD_LIBRARIES = YES;
				BUNDLE_LOADER = "$(TEST_HOST)";
				CODE_SIGN_STYLE = Automatic;
				CURRENT_PROJECT_VERSION = 1;
				DEVELOPMENT_TEAM = Z4V4D6Q5VP;
				GENERATE_INFOPLIST_FILE = YES;
				IPHONEOS_DEPLOYMENT_TARGET = 15.2;
				MARKETING_VERSION = 1.0;
				PRODUCT_BUNDLE_IDENTIFIER = com.books.NYTTests;
				PRODUCT_NAME = "$(TARGET_NAME)";
				SWIFT_EMIT_LOC_STRINGS = NO;
				SWIFT_VERSION = 5.0;
				TARGETED_DEVICE_FAMILY = "1,2";
				TEST_HOST = "$(BUILT_PRODUCTS_DIR)/NYT.app/NYT";
			};
			name = Debug;
		};
		94351F8C279DF20C00431B89 /* Release */ = {
			isa = XCBuildConfiguration;
			buildSettings = {
				ALWAYS_EMBED_SWIFT_STANDARD_LIBRARIES = YES;
				BUNDLE_LOADER = "$(TEST_HOST)";
				CODE_SIGN_STYLE = Automatic;
				CURRENT_PROJECT_VERSION = 1;
				DEVELOPMENT_TEAM = Z4V4D6Q5VP;
				GENERATE_INFOPLIST_FILE = YES;
				IPHONEOS_DEPLOYMENT_TARGET = 15.2;
				MARKETING_VERSION = 1.0;
				PRODUCT_BUNDLE_IDENTIFIER = com.books.NYTTests;
				PRODUCT_NAME = "$(TARGET_NAME)";
				SWIFT_EMIT_LOC_STRINGS = NO;
				SWIFT_VERSION = 5.0;
				TARGETED_DEVICE_FAMILY = "1,2";
				TEST_HOST = "$(BUILT_PRODUCTS_DIR)/NYT.app/NYT";
			};
			name = Release;
		};
		94351F8E279DF20C00431B89 /* Debug */ = {
			isa = XCBuildConfiguration;
			buildSettings = {
				ALWAYS_EMBED_SWIFT_STANDARD_LIBRARIES = YES;
				CODE_SIGN_STYLE = Automatic;
				CURRENT_PROJECT_VERSION = 1;
				DEVELOPMENT_TEAM = Z4V4D6Q5VP;
				GENERATE_INFOPLIST_FILE = YES;
				MARKETING_VERSION = 1.0;
				PRODUCT_BUNDLE_IDENTIFIER = com.books.NYTUITests;
				PRODUCT_NAME = "$(TARGET_NAME)";
				SWIFT_EMIT_LOC_STRINGS = NO;
				SWIFT_VERSION = 5.0;
				TARGETED_DEVICE_FAMILY = "1,2";
				TEST_TARGET_NAME = NYT;
			};
			name = Debug;
		};
		94351F8F279DF20C00431B89 /* Release */ = {
			isa = XCBuildConfiguration;
			buildSettings = {
				ALWAYS_EMBED_SWIFT_STANDARD_LIBRARIES = YES;
				CODE_SIGN_STYLE = Automatic;
				CURRENT_PROJECT_VERSION = 1;
				DEVELOPMENT_TEAM = Z4V4D6Q5VP;
				GENERATE_INFOPLIST_FILE = YES;
				MARKETING_VERSION = 1.0;
				PRODUCT_BUNDLE_IDENTIFIER = com.books.NYTUITests;
				PRODUCT_NAME = "$(TARGET_NAME)";
				SWIFT_EMIT_LOC_STRINGS = NO;
				SWIFT_VERSION = 5.0;
				TARGETED_DEVICE_FAMILY = "1,2";
				TEST_TARGET_NAME = NYT;
			};
			name = Release;
		};
/* End XCBuildConfiguration section */

/* Begin XCConfigurationList section */
		94351F58279DF20A00431B89 /* Build configuration list for PBXProject "NYT" */ = {
			isa = XCConfigurationList;
			buildConfigurations = (
				94351F85279DF20C00431B89 /* Debug */,
				94351F86279DF20C00431B89 /* Release */,
			);
			defaultConfigurationIsVisible = 0;
			defaultConfigurationName = Release;
		};
		94351F87279DF20C00431B89 /* Build configuration list for PBXNativeTarget "NYT" */ = {
			isa = XCConfigurationList;
			buildConfigurations = (
				94351F88279DF20C00431B89 /* Debug */,
				94351F89279DF20C00431B89 /* Release */,
			);
			defaultConfigurationIsVisible = 0;
			defaultConfigurationName = Release;
		};
		94351F8A279DF20C00431B89 /* Build configuration list for PBXNativeTarget "NYTTests" */ = {
			isa = XCConfigurationList;
			buildConfigurations = (
				94351F8B279DF20C00431B89 /* Debug */,
				94351F8C279DF20C00431B89 /* Release */,
			);
			defaultConfigurationIsVisible = 0;
			defaultConfigurationName = Release;
		};
		94351F8D279DF20C00431B89 /* Build configuration list for PBXNativeTarget "NYTUITests" */ = {
			isa = XCConfigurationList;
			buildConfigurations = (
				94351F8E279DF20C00431B89 /* Debug */,
				94351F8F279DF20C00431B89 /* Release */,
			);
			defaultConfigurationIsVisible = 0;
			defaultConfigurationName = Release;
		};
/* End XCConfigurationList section */
	};
	rootObject = 94351F55279DF20A00431B89 /* Project object */;
}
