// !$*UTF8*$!
{
	archiveVersion = 1;
	classes = {
	};
	objectVersion = 55;
	objects = {

/* Begin PBXBuildFile section */
		942382E427BCE5D40028010C /* ArtFeed.swift in Sources */ = {isa = PBXBuildFile; fileRef = 942382E327BCE5D40028010C /* ArtFeed.swift */; };
		942382E627BCE8610028010C /* SettingsController.swift in Sources */ = {isa = PBXBuildFile; fileRef = 942382E527BCE8610028010C /* SettingsController.swift */; };
		94A1F68527B4C79600BB1CE3 /* MetAPIClient.swift in Sources */ = {isa = PBXBuildFile; fileRef = 94A1F68427B4C79600BB1CE3 /* MetAPIClient.swift */; };
		94A1F68827B4DFF500BB1CE3 /* ArtCollection.swift in Sources */ = {isa = PBXBuildFile; fileRef = 94A1F68727B4DFF500BB1CE3 /* ArtCollection.swift */; };
		94A1F68B27B4E03A00BB1CE3 /* UIImage+Extensions.swift in Sources */ = {isa = PBXBuildFile; fileRef = 94A1F68A27B4E03A00BB1CE3 /* UIImage+Extensions.swift */; };
		94A1F68E27B4E30900BB1CE3 /* FileManager+Extension.swift in Sources */ = {isa = PBXBuildFile; fileRef = 94A1F68D27B4E30900BB1CE3 /* FileManager+Extension.swift */; };
		94F9834527A631AB006545DF /* AppDelegate.swift in Sources */ = {isa = PBXBuildFile; fileRef = 94F9834427A631AB006545DF /* AppDelegate.swift */; };
		94F9834727A631AB006545DF /* SceneDelegate.swift in Sources */ = {isa = PBXBuildFile; fileRef = 94F9834627A631AB006545DF /* SceneDelegate.swift */; };
		94F9834927A631AB006545DF /* ViewController.swift in Sources */ = {isa = PBXBuildFile; fileRef = 94F9834827A631AB006545DF /* ViewController.swift */; };
		94F9834C27A631AB006545DF /* Main.storyboard in Resources */ = {isa = PBXBuildFile; fileRef = 94F9834A27A631AB006545DF /* Main.storyboard */; };
		94F9834E27A631AD006545DF /* Assets.xcassets in Resources */ = {isa = PBXBuildFile; fileRef = 94F9834D27A631AD006545DF /* Assets.xcassets */; };
		94F9835127A631AD006545DF /* LaunchScreen.storyboard in Resources */ = {isa = PBXBuildFile; fileRef = 94F9834F27A631AD006545DF /* LaunchScreen.storyboard */; };
		94F9835C27A631AD006545DF /* MetV2Tests.swift in Sources */ = {isa = PBXBuildFile; fileRef = 94F9835B27A631AD006545DF /* MetV2Tests.swift */; };
		94F9836627A631AD006545DF /* MetV2UITests.swift in Sources */ = {isa = PBXBuildFile; fileRef = 94F9836527A631AD006545DF /* MetV2UITests.swift */; };
		94F9836827A631AD006545DF /* MetV2UITestsLaunchTests.swift in Sources */ = {isa = PBXBuildFile; fileRef = 94F9836727A631AD006545DF /* MetV2UITestsLaunchTests.swift */; };
		94F9837727A633E8006545DF /* MetTabBarController.swift in Sources */ = {isa = PBXBuildFile; fileRef = 94F9837627A633E8006545DF /* MetTabBarController.swift */; };
		94F9837927A63528006545DF /* ArtFeedController.swift in Sources */ = {isa = PBXBuildFile; fileRef = 94F9837827A63528006545DF /* ArtFeedController.swift */; };
		94F9837B27A6355D006545DF /* SavedArtController.swift in Sources */ = {isa = PBXBuildFile; fileRef = 94F9837A27A6355D006545DF /* SavedArtController.swift */; };
		94F9837E27A6359F006545DF /* NetworkRequest.swift in Sources */ = {isa = PBXBuildFile; fileRef = 94F9837D27A6359F006545DF /* NetworkRequest.swift */; };
/* End PBXBuildFile section */

/* Begin PBXContainerItemProxy section */
		94F9835827A631AD006545DF /* PBXContainerItemProxy */ = {
			isa = PBXContainerItemProxy;
			containerPortal = 94F9833927A631AB006545DF /* Project object */;
			proxyType = 1;
			remoteGlobalIDString = 94F9834027A631AB006545DF;
			remoteInfo = MetV2;
		};
		94F9836227A631AD006545DF /* PBXContainerItemProxy */ = {
			isa = PBXContainerItemProxy;
			containerPortal = 94F9833927A631AB006545DF /* Project object */;
			proxyType = 1;
			remoteGlobalIDString = 94F9834027A631AB006545DF;
			remoteInfo = MetV2;
		};
/* End PBXContainerItemProxy section */

/* Begin PBXFileReference section */
		942382E327BCE5D40028010C /* ArtFeed.swift */ = {isa = PBXFileReference; lastKnownFileType = sourcecode.swift; path = ArtFeed.swift; sourceTree = "<group>"; };
		942382E527BCE8610028010C /* SettingsController.swift */ = {isa = PBXFileReference; lastKnownFileType = sourcecode.swift; path = SettingsController.swift; sourceTree = "<group>"; };
		94A1F68427B4C79600BB1CE3 /* MetAPIClient.swift */ = {isa = PBXFileReference; lastKnownFileType = sourcecode.swift; path = MetAPIClient.swift; sourceTree = "<group>"; };
		94A1F68727B4DFF500BB1CE3 /* ArtCollection.swift */ = {isa = PBXFileReference; lastKnownFileType = sourcecode.swift; path = ArtCollection.swift; sourceTree = "<group>"; };
		94A1F68A27B4E03A00BB1CE3 /* UIImage+Extensions.swift */ = {isa = PBXFileReference; lastKnownFileType = sourcecode.swift; path = "UIImage+Extensions.swift"; sourceTree = "<group>"; };
		94A1F68D27B4E30900BB1CE3 /* FileManager+Extension.swift */ = {isa = PBXFileReference; lastKnownFileType = sourcecode.swift; path = "FileManager+Extension.swift"; sourceTree = "<group>"; };
		94F9834127A631AB006545DF /* MetV2.app */ = {isa = PBXFileReference; explicitFileType = wrapper.application; includeInIndex = 0; path = MetV2.app; sourceTree = BUILT_PRODUCTS_DIR; };
		94F9834427A631AB006545DF /* AppDelegate.swift */ = {isa = PBXFileReference; lastKnownFileType = sourcecode.swift; path = AppDelegate.swift; sourceTree = "<group>"; };
		94F9834627A631AB006545DF /* SceneDelegate.swift */ = {isa = PBXFileReference; lastKnownFileType = sourcecode.swift; path = SceneDelegate.swift; sourceTree = "<group>"; };
		94F9834827A631AB006545DF /* ViewController.swift */ = {isa = PBXFileReference; lastKnownFileType = sourcecode.swift; path = ViewController.swift; sourceTree = "<group>"; };
		94F9834B27A631AB006545DF /* Base */ = {isa = PBXFileReference; lastKnownFileType = file.storyboard; name = Base; path = Base.lproj/Main.storyboard; sourceTree = "<group>"; };
		94F9834D27A631AD006545DF /* Assets.xcassets */ = {isa = PBXFileReference; lastKnownFileType = folder.assetcatalog; path = Assets.xcassets; sourceTree = "<group>"; };
		94F9835027A631AD006545DF /* Base */ = {isa = PBXFileReference; lastKnownFileType = file.storyboard; name = Base; path = Base.lproj/LaunchScreen.storyboard; sourceTree = "<group>"; };
		94F9835227A631AD006545DF /* Info.plist */ = {isa = PBXFileReference; lastKnownFileType = text.plist.xml; path = Info.plist; sourceTree = "<group>"; };
		94F9835727A631AD006545DF /* MetV2Tests.xctest */ = {isa = PBXFileReference; explicitFileType = wrapper.cfbundle; includeInIndex = 0; path = MetV2Tests.xctest; sourceTree = BUILT_PRODUCTS_DIR; };
		94F9835B27A631AD006545DF /* MetV2Tests.swift */ = {isa = PBXFileReference; lastKnownFileType = sourcecode.swift; path = MetV2Tests.swift; sourceTree = "<group>"; };
		94F9836127A631AD006545DF /* MetV2UITests.xctest */ = {isa = PBXFileReference; explicitFileType = wrapper.cfbundle; includeInIndex = 0; path = MetV2UITests.xctest; sourceTree = BUILT_PRODUCTS_DIR; };
		94F9836527A631AD006545DF /* MetV2UITests.swift */ = {isa = PBXFileReference; lastKnownFileType = sourcecode.swift; path = MetV2UITests.swift; sourceTree = "<group>"; };
		94F9836727A631AD006545DF /* MetV2UITestsLaunchTests.swift */ = {isa = PBXFileReference; lastKnownFileType = sourcecode.swift; path = MetV2UITestsLaunchTests.swift; sourceTree = "<group>"; };
		94F9837627A633E8006545DF /* MetTabBarController.swift */ = {isa = PBXFileReference; lastKnownFileType = sourcecode.swift; path = MetTabBarController.swift; sourceTree = "<group>"; };
		94F9837827A63528006545DF /* ArtFeedController.swift */ = {isa = PBXFileReference; lastKnownFileType = sourcecode.swift; path = ArtFeedController.swift; sourceTree = "<group>"; };
		94F9837A27A6355D006545DF /* SavedArtController.swift */ = {isa = PBXFileReference; lastKnownFileType = sourcecode.swift; path = SavedArtController.swift; sourceTree = "<group>"; };
		94F9837D27A6359F006545DF /* NetworkRequest.swift */ = {isa = PBXFileReference; lastKnownFileType = sourcecode.swift; path = NetworkRequest.swift; sourceTree = "<group>"; };
/* End PBXFileReference section */

/* Begin PBXFrameworksBuildPhase section */
		94F9833E27A631AB006545DF /* Frameworks */ = {
			isa = PBXFrameworksBuildPhase;
			buildActionMask = 2147483647;
			files = (
			);
			runOnlyForDeploymentPostprocessing = 0;
		};
		94F9835427A631AD006545DF /* Frameworks */ = {
			isa = PBXFrameworksBuildPhase;
			buildActionMask = 2147483647;
			files = (
			);
			runOnlyForDeploymentPostprocessing = 0;
		};
		94F9835E27A631AD006545DF /* Frameworks */ = {
			isa = PBXFrameworksBuildPhase;
			buildActionMask = 2147483647;
			files = (
			);
			runOnlyForDeploymentPostprocessing = 0;
		};
/* End PBXFrameworksBuildPhase section */

/* Begin PBXGroup section */
		942382E227BCE5AE0028010C /* Views */ = {
			isa = PBXGroup;
			children = (
				942382E327BCE5D40028010C /* ArtFeed.swift */,
			);
			path = Views;
			sourceTree = "<group>";
		};
		94A1F68627B4DFE900BB1CE3 /* Models */ = {
			isa = PBXGroup;
			children = (
				94A1F68727B4DFF500BB1CE3 /* ArtCollection.swift */,
			);
			path = Models;
			sourceTree = "<group>";
		};
		94A1F68927B4E02100BB1CE3 /* Extensions */ = {
			isa = PBXGroup;
			children = (
				94A1F68A27B4E03A00BB1CE3 /* UIImage+Extensions.swift */,
			);
			path = Extensions;
			sourceTree = "<group>";
		};
		94A1F68C27B4E2F900BB1CE3 /* Data Persistence */ = {
			isa = PBXGroup;
			children = (
				94A1F68D27B4E30900BB1CE3 /* FileManager+Extension.swift */,
			);
			path = "Data Persistence";
			sourceTree = "<group>";
		};
		94F9833827A631AB006545DF = {
			isa = PBXGroup;
			children = (
				94F9834327A631AB006545DF /* MetV2 */,
				94F9835A27A631AD006545DF /* MetV2Tests */,
				94F9836427A631AD006545DF /* MetV2UITests */,
				94F9834227A631AB006545DF /* Products */,
			);
			sourceTree = "<group>";
		};
		94F9834227A631AB006545DF /* Products */ = {
			isa = PBXGroup;
			children = (
				94F9834127A631AB006545DF /* MetV2.app */,
				94F9835727A631AD006545DF /* MetV2Tests.xctest */,
				94F9836127A631AD006545DF /* MetV2UITests.xctest */,
			);
			name = Products;
			sourceTree = "<group>";
		};
		94F9834327A631AB006545DF /* MetV2 */ = {
			isa = PBXGroup;
			children = (
				942382E227BCE5AE0028010C /* Views */,
				94A1F68C27B4E2F900BB1CE3 /* Data Persistence */,
				94A1F68927B4E02100BB1CE3 /* Extensions */,
				94A1F68627B4DFE900BB1CE3 /* Models */,
				94F9837C27A63586006545DF /* Network Services */,
				94F9837527A632CA006545DF /* Controllers */,
				94F9837427A63279006545DF /* Supporting Files */,
				94F9835227A631AD006545DF /* Info.plist */,
			);
			path = MetV2;
			sourceTree = "<group>";
		};
		94F9835A27A631AD006545DF /* MetV2Tests */ = {
			isa = PBXGroup;
			children = (
				94F9835B27A631AD006545DF /* MetV2Tests.swift */,
			);
			path = MetV2Tests;
			sourceTree = "<group>";
		};
		94F9836427A631AD006545DF /* MetV2UITests */ = {
			isa = PBXGroup;
			children = (
				94F9836527A631AD006545DF /* MetV2UITests.swift */,
				94F9836727A631AD006545DF /* MetV2UITestsLaunchTests.swift */,
			);
			path = MetV2UITests;
			sourceTree = "<group>";
		};
		94F9837427A63279006545DF /* Supporting Files */ = {
			isa = PBXGroup;
			children = (
				94F9834427A631AB006545DF /* AppDelegate.swift */,
				94F9834627A631AB006545DF /* SceneDelegate.swift */,
				94F9834827A631AB006545DF /* ViewController.swift */,
				94F9834A27A631AB006545DF /* Main.storyboard */,
				94F9834D27A631AD006545DF /* Assets.xcassets */,
				94F9834F27A631AD006545DF /* LaunchScreen.storyboard */,
			);
			path = "Supporting Files";
			sourceTree = "<group>";
		};
		94F9837527A632CA006545DF /* Controllers */ = {
			isa = PBXGroup;
			children = (
				94F9837627A633E8006545DF /* MetTabBarController.swift */,
				94F9837827A63528006545DF /* ArtFeedController.swift */,
				94F9837A27A6355D006545DF /* SavedArtController.swift */,
				942382E527BCE8610028010C /* SettingsController.swift */,
			);
			path = Controllers;
			sourceTree = "<group>";
		};
		94F9837C27A63586006545DF /* Network Services */ = {
			isa = PBXGroup;
			children = (
				94F9837D27A6359F006545DF /* NetworkRequest.swift */,
				94A1F68427B4C79600BB1CE3 /* MetAPIClient.swift */,
			);
			path = "Network Services";
			sourceTree = "<group>";
		};
/* End PBXGroup section */

/* Begin PBXNativeTarget section */
		94F9834027A631AB006545DF /* MetV2 */ = {
			isa = PBXNativeTarget;
			buildConfigurationList = 94F9836B27A631AD006545DF /* Build configuration list for PBXNativeTarget "MetV2" */;
			buildPhases = (
				94F9833D27A631AB006545DF /* Sources */,
				94F9833E27A631AB006545DF /* Frameworks */,
				94F9833F27A631AB006545DF /* Resources */,
			);
			buildRules = (
			);
			dependencies = (
			);
			name = MetV2;
			productName = MetV2;
			productReference = 94F9834127A631AB006545DF /* MetV2.app */;
			productType = "com.apple.product-type.application";
		};
		94F9835627A631AD006545DF /* MetV2Tests */ = {
			isa = PBXNativeTarget;
			buildConfigurationList = 94F9836E27A631AD006545DF /* Build configuration list for PBXNativeTarget "MetV2Tests" */;
			buildPhases = (
				94F9835327A631AD006545DF /* Sources */,
				94F9835427A631AD006545DF /* Frameworks */,
				94F9835527A631AD006545DF /* Resources */,
			);
			buildRules = (
			);
			dependencies = (
				94F9835927A631AD006545DF /* PBXTargetDependency */,
			);
			name = MetV2Tests;
			productName = MetV2Tests;
			productReference = 94F9835727A631AD006545DF /* MetV2Tests.xctest */;
			productType = "com.apple.product-type.bundle.unit-test";
		};
		94F9836027A631AD006545DF /* MetV2UITests */ = {
			isa = PBXNativeTarget;
			buildConfigurationList = 94F9837127A631AD006545DF /* Build configuration list for PBXNativeTarget "MetV2UITests" */;
			buildPhases = (
				94F9835D27A631AD006545DF /* Sources */,
				94F9835E27A631AD006545DF /* Frameworks */,
				94F9835F27A631AD006545DF /* Resources */,
			);
			buildRules = (
			);
			dependencies = (
				94F9836327A631AD006545DF /* PBXTargetDependency */,
			);
			name = MetV2UITests;
			productName = MetV2UITests;
			productReference = 94F9836127A631AD006545DF /* MetV2UITests.xctest */;
			productType = "com.apple.product-type.bundle.ui-testing";
		};
/* End PBXNativeTarget section */

/* Begin PBXProject section */
		94F9833927A631AB006545DF /* Project object */ = {
			isa = PBXProject;
			attributes = {
				BuildIndependentTargetsInParallel = 1;
				LastSwiftUpdateCheck = 1320;
				LastUpgradeCheck = 1320;
				TargetAttributes = {
					94F9834027A631AB006545DF = {
						CreatedOnToolsVersion = 13.2.1;
					};
					94F9835627A631AD006545DF = {
						CreatedOnToolsVersion = 13.2.1;
						TestTargetID = 94F9834027A631AB006545DF;
					};
					94F9836027A631AD006545DF = {
						CreatedOnToolsVersion = 13.2.1;
						TestTargetID = 94F9834027A631AB006545DF;
					};
				};
			};
			buildConfigurationList = 94F9833C27A631AB006545DF /* Build configuration list for PBXProject "MetV2" */;
			compatibilityVersion = "Xcode 13.0";
			developmentRegion = en;
			hasScannedForEncodings = 0;
			knownRegions = (
				en,
				Base,
			);
			mainGroup = 94F9833827A631AB006545DF;
			productRefGroup = 94F9834227A631AB006545DF /* Products */;
			projectDirPath = "";
			projectRoot = "";
			targets = (
				94F9834027A631AB006545DF /* MetV2 */,
				94F9835627A631AD006545DF /* MetV2Tests */,
				94F9836027A631AD006545DF /* MetV2UITests */,
			);
		};
/* End PBXProject section */

/* Begin PBXResourcesBuildPhase section */
		94F9833F27A631AB006545DF /* Resources */ = {
			isa = PBXResourcesBuildPhase;
			buildActionMask = 2147483647;
			files = (
				94F9835127A631AD006545DF /* LaunchScreen.storyboard in Resources */,
				94F9834E27A631AD006545DF /* Assets.xcassets in Resources */,
				94F9834C27A631AB006545DF /* Main.storyboard in Resources */,
			);
			runOnlyForDeploymentPostprocessing = 0;
		};
		94F9835527A631AD006545DF /* Resources */ = {
			isa = PBXResourcesBuildPhase;
			buildActionMask = 2147483647;
			files = (
			);
			runOnlyForDeploymentPostprocessing = 0;
		};
		94F9835F27A631AD006545DF /* Resources */ = {
			isa = PBXResourcesBuildPhase;
			buildActionMask = 2147483647;
			files = (
			);
			runOnlyForDeploymentPostprocessing = 0;
		};
/* End PBXResourcesBuildPhase section */

/* Begin PBXSourcesBuildPhase section */
		94F9833D27A631AB006545DF /* Sources */ = {
			isa = PBXSourcesBuildPhase;
			buildActionMask = 2147483647;
			files = (
				94A1F68E27B4E30900BB1CE3 /* FileManager+Extension.swift in Sources */,
				94F9837E27A6359F006545DF /* NetworkRequest.swift in Sources */,
				94F9834927A631AB006545DF /* ViewController.swift in Sources */,
				94F9834527A631AB006545DF /* AppDelegate.swift in Sources */,
				94F9837727A633E8006545DF /* MetTabBarController.swift in Sources */,
				94A1F68527B4C79600BB1CE3 /* MetAPIClient.swift in Sources */,
				94F9837B27A6355D006545DF /* SavedArtController.swift in Sources */,
				94A1F68827B4DFF500BB1CE3 /* ArtCollection.swift in Sources */,
				94A1F68B27B4E03A00BB1CE3 /* UIImage+Extensions.swift in Sources */,
				94F9837927A63528006545DF /* ArtFeedController.swift in Sources */,
				942382E627BCE8610028010C /* SettingsController.swift in Sources */,
				94F9834727A631AB006545DF /* SceneDelegate.swift in Sources */,
				942382E427BCE5D40028010C /* ArtFeed.swift in Sources */,
			);
			runOnlyForDeploymentPostprocessing = 0;
		};
		94F9835327A631AD006545DF /* Sources */ = {
			isa = PBXSourcesBuildPhase;
			buildActionMask = 2147483647;
			files = (
				94F9835C27A631AD006545DF /* MetV2Tests.swift in Sources */,
			);
			runOnlyForDeploymentPostprocessing = 0;
		};
		94F9835D27A631AD006545DF /* Sources */ = {
			isa = PBXSourcesBuildPhase;
			buildActionMask = 2147483647;
			files = (
				94F9836627A631AD006545DF /* MetV2UITests.swift in Sources */,
				94F9836827A631AD006545DF /* MetV2UITestsLaunchTests.swift in Sources */,
			);
			runOnlyForDeploymentPostprocessing = 0;
		};
/* End PBXSourcesBuildPhase section */

/* Begin PBXTargetDependency section */
		94F9835927A631AD006545DF /* PBXTargetDependency */ = {
			isa = PBXTargetDependency;
			target = 94F9834027A631AB006545DF /* MetV2 */;
			targetProxy = 94F9835827A631AD006545DF /* PBXContainerItemProxy */;
		};
		94F9836327A631AD006545DF /* PBXTargetDependency */ = {
			isa = PBXTargetDependency;
			target = 94F9834027A631AB006545DF /* MetV2 */;
			targetProxy = 94F9836227A631AD006545DF /* PBXContainerItemProxy */;
		};
/* End PBXTargetDependency section */

/* Begin PBXVariantGroup section */
		94F9834A27A631AB006545DF /* Main.storyboard */ = {
			isa = PBXVariantGroup;
			children = (
				94F9834B27A631AB006545DF /* Base */,
			);
			name = Main.storyboard;
			sourceTree = "<group>";
		};
		94F9834F27A631AD006545DF /* LaunchScreen.storyboard */ = {
			isa = PBXVariantGroup;
			children = (
				94F9835027A631AD006545DF /* Base */,
			);
			name = LaunchScreen.storyboard;
			sourceTree = "<group>";
		};
/* End PBXVariantGroup section */

/* Begin XCBuildConfiguration section */
		94F9836927A631AD006545DF /* Debug */ = {
			isa = XCBuildConfiguration;
			buildSettings = {
				ALWAYS_SEARCH_USER_PATHS = NO;
				CLANG_ANALYZER_NONNULL = YES;
				CLANG_ANALYZER_NUMBER_OBJECT_CONVERSION = YES_AGGRESSIVE;
				CLANG_CXX_LANGUAGE_STANDARD = "gnu++17";
				CLANG_CXX_LIBRARY = "libc++";
				CLANG_ENABLE_MODULES = YES;
				CLANG_ENABLE_OBJC_ARC = YES;
				CLANG_ENABLE_OBJC_WEAK = YES;
				CLANG_WARN_BLOCK_CAPTURE_AUTORELEASING = YES;
				CLANG_WARN_BOOL_CONVERSION = YES;
				CLANG_WARN_COMMA = YES;
				CLANG_WARN_CONSTANT_CONVERSION = YES;
				CLANG_WARN_DEPRECATED_OBJC_IMPLEMENTATIONS = YES;
				CLANG_WARN_DIRECT_OBJC_ISA_USAGE = YES_ERROR;
				CLANG_WARN_DOCUMENTATION_COMMENTS = YES;
				CLANG_WARN_EMPTY_BODY = YES;
				CLANG_WARN_ENUM_CONVERSION = YES;
				CLANG_WARN_INFINITE_RECURSION = YES;
				CLANG_WARN_INT_CONVERSION = YES;
				CLANG_WARN_NON_LITERAL_NULL_CONVERSION = YES;
				CLANG_WARN_OBJC_IMPLICIT_RETAIN_SELF = YES;
				CLANG_WARN_OBJC_LITERAL_CONVERSION = YES;
				CLANG_WARN_OBJC_ROOT_CLASS = YES_ERROR;
				CLANG_WARN_QUOTED_INCLUDE_IN_FRAMEWORK_HEADER = YES;
				CLANG_WARN_RANGE_LOOP_ANALYSIS = YES;
				CLANG_WARN_STRICT_PROTOTYPES = YES;
				CLANG_WARN_SUSPICIOUS_MOVE = YES;
				CLANG_WARN_UNGUARDED_AVAILABILITY = YES_AGGRESSIVE;
				CLANG_WARN_UNREACHABLE_CODE = YES;
				CLANG_WARN__DUPLICATE_METHOD_MATCH = YES;
				COPY_PHASE_STRIP = NO;
				DEBUG_INFORMATION_FORMAT = dwarf;
				ENABLE_STRICT_OBJC_MSGSEND = YES;
				ENABLE_TESTABILITY = YES;
				GCC_C_LANGUAGE_STANDARD = gnu11;
				GCC_DYNAMIC_NO_PIC = NO;
				GCC_NO_COMMON_BLOCKS = YES;
				GCC_OPTIMIZATION_LEVEL = 0;
				GCC_PREPROCESSOR_DEFINITIONS = (
					"DEBUG=1",
					"$(inherited)",
				);
				GCC_WARN_64_TO_32_BIT_CONVERSION = YES;
				GCC_WARN_ABOUT_RETURN_TYPE = YES_ERROR;
				GCC_WARN_UNDECLARED_SELECTOR = YES;
				GCC_WARN_UNINITIALIZED_AUTOS = YES_AGGRESSIVE;
				GCC_WARN_UNUSED_FUNCTION = YES;
				GCC_WARN_UNUSED_VARIABLE = YES;
				IPHONEOS_DEPLOYMENT_TARGET = 15.2;
				MTL_ENABLE_DEBUG_INFO = INCLUDE_SOURCE;
				MTL_FAST_MATH = YES;
				ONLY_ACTIVE_ARCH = YES;
				SDKROOT = iphoneos;
				SWIFT_ACTIVE_COMPILATION_CONDITIONS = DEBUG;
				SWIFT_OPTIMIZATION_LEVEL = "-Onone";
			};
			name = Debug;
		};
		94F9836A27A631AD006545DF /* Release */ = {
			isa = XCBuildConfiguration;
			buildSettings = {
				ALWAYS_SEARCH_USER_PATHS = NO;
				CLANG_ANALYZER_NONNULL = YES;
				CLANG_ANALYZER_NUMBER_OBJECT_CONVERSION = YES_AGGRESSIVE;
				CLANG_CXX_LANGUAGE_STANDARD = "gnu++17";
				CLANG_CXX_LIBRARY = "libc++";
				CLANG_ENABLE_MODULES = YES;
				CLANG_ENABLE_OBJC_ARC = YES;
				CLANG_ENABLE_OBJC_WEAK = YES;
				CLANG_WARN_BLOCK_CAPTURE_AUTORELEASING = YES;
				CLANG_WARN_BOOL_CONVERSION = YES;
				CLANG_WARN_COMMA = YES;
				CLANG_WARN_CONSTANT_CONVERSION = YES;
				CLANG_WARN_DEPRECATED_OBJC_IMPLEMENTATIONS = YES;
				CLANG_WARN_DIRECT_OBJC_ISA_USAGE = YES_ERROR;
				CLANG_WARN_DOCUMENTATION_COMMENTS = YES;
				CLANG_WARN_EMPTY_BODY = YES;
				CLANG_WARN_ENUM_CONVERSION = YES;
				CLANG_WARN_INFINITE_RECURSION = YES;
				CLANG_WARN_INT_CONVERSION = YES;
				CLANG_WARN_NON_LITERAL_NULL_CONVERSION = YES;
				CLANG_WARN_OBJC_IMPLICIT_RETAIN_SELF = YES;
				CLANG_WARN_OBJC_LITERAL_CONVERSION = YES;
				CLANG_WARN_OBJC_ROOT_CLASS = YES_ERROR;
				CLANG_WARN_QUOTED_INCLUDE_IN_FRAMEWORK_HEADER = YES;
				CLANG_WARN_RANGE_LOOP_ANALYSIS = YES;
				CLANG_WARN_STRICT_PROTOTYPES = YES;
				CLANG_WARN_SUSPICIOUS_MOVE = YES;
				CLANG_WARN_UNGUARDED_AVAILABILITY = YES_AGGRESSIVE;
				CLANG_WARN_UNREACHABLE_CODE = YES;
				CLANG_WARN__DUPLICATE_METHOD_MATCH = YES;
				COPY_PHASE_STRIP = NO;
				DEBUG_INFORMATION_FORMAT = "dwarf-with-dsym";
				ENABLE_NS_ASSERTIONS = NO;
				ENABLE_STRICT_OBJC_MSGSEND = YES;
				GCC_C_LANGUAGE_STANDARD = gnu11;
				GCC_NO_COMMON_BLOCKS = YES;
				GCC_WARN_64_TO_32_BIT_CONVERSION = YES;
				GCC_WARN_ABOUT_RETURN_TYPE = YES_ERROR;
				GCC_WARN_UNDECLARED_SELECTOR = YES;
				GCC_WARN_UNINITIALIZED_AUTOS = YES_AGGRESSIVE;
				GCC_WARN_UNUSED_FUNCTION = YES;
				GCC_WARN_UNUSED_VARIABLE = YES;
				IPHONEOS_DEPLOYMENT_TARGET = 15.2;
				MTL_ENABLE_DEBUG_INFO = NO;
				MTL_FAST_MATH = YES;
				SDKROOT = iphoneos;
				SWIFT_COMPILATION_MODE = wholemodule;
				SWIFT_OPTIMIZATION_LEVEL = "-O";
				VALIDATE_PRODUCT = YES;
			};
			name = Release;
		};
		94F9836C27A631AD006545DF /* Debug */ = {
			isa = XCBuildConfiguration;
			buildSettings = {
				ASSETCATALOG_COMPILER_APPICON_NAME = AppIcon;
				ASSETCATALOG_COMPILER_GLOBAL_ACCENT_COLOR_NAME = AccentColor;
				CODE_SIGN_STYLE = Automatic;
				CURRENT_PROJECT_VERSION = 1;
				DEVELOPMENT_TEAM = Z4V4D6Q5VP;
				GENERATE_INFOPLIST_FILE = YES;
				INFOPLIST_FILE = MetV2/Info.plist;
				INFOPLIST_KEY_UIApplicationSupportsIndirectInputEvents = YES;
				INFOPLIST_KEY_UILaunchStoryboardName = LaunchScreen;
				INFOPLIST_KEY_UIMainStoryboardFile = Main;
				INFOPLIST_KEY_UISupportedInterfaceOrientations_iPad = "UIInterfaceOrientationPortrait UIInterfaceOrientationPortraitUpsideDown UIInterfaceOrientationLandscapeLeft UIInterfaceOrientationLandscapeRight";
				INFOPLIST_KEY_UISupportedInterfaceOrientations_iPhone = "UIInterfaceOrientationPortrait UIInterfaceOrientationLandscapeLeft UIInterfaceOrientationLandscapeRight";
				LD_RUNPATH_SEARCH_PATHS = (
					"$(inherited)",
					"@executable_path/Frameworks",
				);
				MARKETING_VERSION = 1.0;
				PRODUCT_BUNDLE_IDENTIFIER = com.books.MetV2;
				PRODUCT_NAME = "$(TARGET_NAME)";
				SWIFT_EMIT_LOC_STRINGS = YES;
				SWIFT_VERSION = 5.0;
				TARGETED_DEVICE_FAMILY = "1,2";
			};
			name = Debug;
		};
		94F9836D27A631AD006545DF /* Release */ = {
			isa = XCBuildConfiguration;
			buildSettings = {
				ASSETCATALOG_COMPILER_APPICON_NAME = AppIcon;
				ASSETCATALOG_COMPILER_GLOBAL_ACCENT_COLOR_NAME = AccentColor;
				CODE_SIGN_STYLE = Automatic;
				CURRENT_PROJECT_VERSION = 1;
				DEVELOPMENT_TEAM = Z4V4D6Q5VP;
				GENERATE_INFOPLIST_FILE = YES;
				INFOPLIST_FILE = MetV2/Info.plist;
				INFOPLIST_KEY_UIApplicationSupportsIndirectInputEvents = YES;
				INFOPLIST_KEY_UILaunchStoryboardName = LaunchScreen;
				INFOPLIST_KEY_UIMainStoryboardFile = Main;
				INFOPLIST_KEY_UISupportedInterfaceOrientations_iPad = "UIInterfaceOrientationPortrait UIInterfaceOrientationPortraitUpsideDown UIInterfaceOrientationLandscapeLeft UIInterfaceOrientationLandscapeRight";
				INFOPLIST_KEY_UISupportedInterfaceOrientations_iPhone = "UIInterfaceOrientationPortrait UIInterfaceOrientationLandscapeLeft UIInterfaceOrientationLandscapeRight";
				LD_RUNPATH_SEARCH_PATHS = (
					"$(inherited)",
					"@executable_path/Frameworks",
				);
				MARKETING_VERSION = 1.0;
				PRODUCT_BUNDLE_IDENTIFIER = com.books.MetV2;
				PRODUCT_NAME = "$(TARGET_NAME)";
				SWIFT_EMIT_LOC_STRINGS = YES;
				SWIFT_VERSION = 5.0;
				TARGETED_DEVICE_FAMILY = "1,2";
			};
			name = Release;
		};
		94F9836F27A631AD006545DF /* Debug */ = {
			isa = XCBuildConfiguration;
			buildSettings = {
				ALWAYS_EMBED_SWIFT_STANDARD_LIBRARIES = YES;
				BUNDLE_LOADER = "$(TEST_HOST)";
				CODE_SIGN_STYLE = Automatic;
				CURRENT_PROJECT_VERSION = 1;
				DEVELOPMENT_TEAM = Z4V4D6Q5VP;
				GENERATE_INFOPLIST_FILE = YES;
				IPHONEOS_DEPLOYMENT_TARGET = 15.2;
				MARKETING_VERSION = 1.0;
				PRODUCT_BUNDLE_IDENTIFIER = com.books.MetV2Tests;
				PRODUCT_NAME = "$(TARGET_NAME)";
				SWIFT_EMIT_LOC_STRINGS = NO;
				SWIFT_VERSION = 5.0;
				TARGETED_DEVICE_FAMILY = "1,2";
				TEST_HOST = "$(BUILT_PRODUCTS_DIR)/MetV2.app/MetV2";
			};
			name = Debug;
		};
		94F9837027A631AD006545DF /* Release */ = {
			isa = XCBuildConfiguration;
			buildSettings = {
				ALWAYS_EMBED_SWIFT_STANDARD_LIBRARIES = YES;
				BUNDLE_LOADER = "$(TEST_HOST)";
				CODE_SIGN_STYLE = Automatic;
				CURRENT_PROJECT_VERSION = 1;
				DEVELOPMENT_TEAM = Z4V4D6Q5VP;
				GENERATE_INFOPLIST_FILE = YES;
				IPHONEOS_DEPLOYMENT_TARGET = 15.2;
				MARKETING_VERSION = 1.0;
				PRODUCT_BUNDLE_IDENTIFIER = com.books.MetV2Tests;
				PRODUCT_NAME = "$(TARGET_NAME)";
				SWIFT_EMIT_LOC_STRINGS = NO;
				SWIFT_VERSION = 5.0;
				TARGETED_DEVICE_FAMILY = "1,2";
				TEST_HOST = "$(BUILT_PRODUCTS_DIR)/MetV2.app/MetV2";
			};
			name = Release;
		};
		94F9837227A631AD006545DF /* Debug */ = {
			isa = XCBuildConfiguration;
			buildSettings = {
				ALWAYS_EMBED_SWIFT_STANDARD_LIBRARIES = YES;
				CODE_SIGN_STYLE = Automatic;
				CURRENT_PROJECT_VERSION = 1;
				DEVELOPMENT_TEAM = Z4V4D6Q5VP;
				GENERATE_INFOPLIST_FILE = YES;
				MARKETING_VERSION = 1.0;
				PRODUCT_BUNDLE_IDENTIFIER = com.books.MetV2UITests;
				PRODUCT_NAME = "$(TARGET_NAME)";
				SWIFT_EMIT_LOC_STRINGS = NO;
				SWIFT_VERSION = 5.0;
				TARGETED_DEVICE_FAMILY = "1,2";
				TEST_TARGET_NAME = MetV2;
			};
			name = Debug;
		};
		94F9837327A631AD006545DF /* Release */ = {
			isa = XCBuildConfiguration;
			buildSettings = {
				ALWAYS_EMBED_SWIFT_STANDARD_LIBRARIES = YES;
				CODE_SIGN_STYLE = Automatic;
				CURRENT_PROJECT_VERSION = 1;
				DEVELOPMENT_TEAM = Z4V4D6Q5VP;
				GENERATE_INFOPLIST_FILE = YES;
				MARKETING_VERSION = 1.0;
				PRODUCT_BUNDLE_IDENTIFIER = com.books.MetV2UITests;
				PRODUCT_NAME = "$(TARGET_NAME)";
				SWIFT_EMIT_LOC_STRINGS = NO;
				SWIFT_VERSION = 5.0;
				TARGETED_DEVICE_FAMILY = "1,2";
				TEST_TARGET_NAME = MetV2;
			};
			name = Release;
		};
/* End XCBuildConfiguration section */

/* Begin XCConfigurationList section */
		94F9833C27A631AB006545DF /* Build configuration list for PBXProject "MetV2" */ = {
			isa = XCConfigurationList;
			buildConfigurations = (
				94F9836927A631AD006545DF /* Debug */,
				94F9836A27A631AD006545DF /* Release */,
			);
			defaultConfigurationIsVisible = 0;
			defaultConfigurationName = Release;
		};
		94F9836B27A631AD006545DF /* Build configuration list for PBXNativeTarget "MetV2" */ = {
			isa = XCConfigurationList;
			buildConfigurations = (
				94F9836C27A631AD006545DF /* Debug */,
				94F9836D27A631AD006545DF /* Release */,
			);
			defaultConfigurationIsVisible = 0;
			defaultConfigurationName = Release;
		};
		94F9836E27A631AD006545DF /* Build configuration list for PBXNativeTarget "MetV2Tests" */ = {
			isa = XCConfigurationList;
			buildConfigurations = (
				94F9836F27A631AD006545DF /* Debug */,
				94F9837027A631AD006545DF /* Release */,
			);
			defaultConfigurationIsVisible = 0;
			defaultConfigurationName = Release;
		};
		94F9837127A631AD006545DF /* Build configuration list for PBXNativeTarget "MetV2UITests" */ = {
			isa = XCConfigurationList;
			buildConfigurations = (
				94F9837227A631AD006545DF /* Debug */,
				94F9837327A631AD006545DF /* Release */,
			);
			defaultConfigurationIsVisible = 0;
			defaultConfigurationName = Release;
		};
/* End XCConfigurationList section */
	};
	rootObject = 94F9833927A631AB006545DF /* Project object */;
}
